
Microsoft Visual Studio Solution File, Format Version 12.00
# Visual Studio Version 17
VisualStudioVersion = 17.0.31912.275
MinimumVisualStudioVersion = 10.0.40219.1
Project("{8BC9CEB8-8B4A-11D0-8D11-00A0C91BC942}") = "mp2-lab4-test", "mp2-lab4-test\mp2-lab4-test.vcxproj", "{DEEB13E9-6EF6-445E-AFCF-530A4F112974}"
EndProject
Project("{8BC9CEB8-8B4A-11D0-8D11-00A0C91BC942}") = "mp2-lab4-queue", "mp2-lab4-queue\mp2-lab4-queue.vcxproj", "{5CEDB63C-5A06-4690-9C9C-C40501743D3F}"
EndProject
Global
	GlobalSection(SolutionConfigurationPlatforms) = preSolution
		Debug|x64 = Debug|x64
		Debug|x86 = Debug|x86
		Release|x64 = Release|x64
		Release|x86 = Release|x86
	EndGlobalSection
	GlobalSection(ProjectConfigurationPlatforms) = postSolution
		{DEEB13E9-6EF6-445E-AFCF-530A4F112974}.Debug|x64.ActiveCfg = Debug|x64
		{DEEB13E9-6EF6-445E-AFCF-530A4F112974}.Debug|x64.Build.0 = Debug|x64
		{DEEB13E9-6EF6-445E-AFCF-530A4F112974}.Debug|x86.ActiveCfg = Debug|Win32
		{DEEB13E9-6EF6-445E-AFCF-530A4F112974}.Debug|x86.Build.0 = Debug|Win32
		{DEEB13E9-6EF6-445E-AFCF-530A4F112974}.Release|x64.ActiveCfg = Release|x64
		{DEEB13E9-6EF6-445E-AFCF-530A4F112974}.Release|x64.Build.0 = Release|x64
		{DEEB13E9-6EF6-445E-AFCF-530A4F112974}.Release|x86.ActiveCfg = Release|Win32
		{DEEB13E9-6EF6-445E-AFCF-530A4F112974}.Release|x86.Build.0 = Release|Win32
		{5CEDB63C-5A06-4690-9C9C-C40501743D3F}.Debug|x64.ActiveCfg = Debug|x64
		{5CEDB63C-5A06-4690-9C9C-C40501743D3F}.Debug|x64.Build.0 = Debug|x64
		{5CEDB63C-5A06-4690-9C9C-C40501743D3F}.Debug|x86.ActiveCfg = Debug|Win32
		{5CEDB63C-5A06-4690-9C9C-C40501743D3F}.Debug|x86.Build.0 = Debug|Win32
		{5CEDB63C-5A06-4690-9C9C-C40501743D3F}.Release|x64.ActiveCfg = Release|x64
		{5CEDB63C-5A06-4690-9C9C-C40501743D3F}.Release|x64.Build.0 = Release|x64
		{5CEDB63C-5A06-4690-9C9C-C40501743D3F}.Release|x86.ActiveCfg = Release|Win32
		{5CEDB63C-5A06-4690-9C9C-C40501743D3F}.Release|x86.Build.0 = Release|Win32
	EndGlobalSection
	GlobalSection(SolutionProperties) = preSolution
		HideSolutionNode = FALSE
	EndGlobalSection
	GlobalSection(ExtensibilityGlobals) = postSolution
		SolutionGuid = {11DA399A-C431-414E-ABE1-48D9B957FBB9}
	EndGlobalSection
EndGlobal
